// !$*UTF8*$!
{
	archiveVersion = 1;
	classes = {
	};
	objectVersion = 52;
	objects = {

/* Begin PBXBuildFile section */
		2004BA3326B18DA0007D3E82 /* FirebaseCrashlytics in Frameworks */ = {isa = PBXBuildFile; productRef = 2004BA3226B18DA0007D3E82 /* FirebaseCrashlytics */; };
		2004BA3526B18DA0007D3E82 /* FirebaseMessaging in Frameworks */ = {isa = PBXBuildFile; productRef = 2004BA3426B18DA0007D3E82 /* FirebaseMessaging */; };
		2004BA3726B18DA0007D3E82 /* FirebaseAuth in Frameworks */ = {isa = PBXBuildFile; productRef = 2004BA3626B18DA0007D3E82 /* FirebaseAuth */; };
		2004BA3926B18DA0007D3E82 /* FirebaseAnalyticsSwift-Beta in Frameworks */ = {isa = PBXBuildFile; productRef = 2004BA3826B18DA0007D3E82 /* FirebaseAnalyticsSwift-Beta */; };
		2004BA3B26B18DA0007D3E82 /* FirebaseStorageSwift-Beta in Frameworks */ = {isa = PBXBuildFile; productRef = 2004BA3A26B18DA0007D3E82 /* FirebaseStorageSwift-Beta */; };
		2005EE3E26F9D41D009001C7 /* AuthorizationHeaderAddingInterceptor.swift in Sources */ = {isa = PBXBuildFile; fileRef = 2005EE3D26F9D41D009001C7 /* AuthorizationHeaderAddingInterceptor.swift */; };
		2005EE4126FA0A37009001C7 /* AppError.swift in Sources */ = {isa = PBXBuildFile; fileRef = 2005EE4026FA0A37009001C7 /* AppError.swift */; };
		2005EE4426FA0C43009001C7 /* RequestLoggingInterceptor.swift in Sources */ = {isa = PBXBuildFile; fileRef = 2005EE4326FA0C43009001C7 /* RequestLoggingInterceptor.swift */; };
		2005EE4726FA10FC009001C7 /* Apollo in Frameworks */ = {isa = PBXBuildFile; productRef = 2005EE4626FA10FC009001C7 /* Apollo */; };
		2005EE4926FA10FC009001C7 /* ApolloSQLite in Frameworks */ = {isa = PBXBuildFile; productRef = 2005EE4826FA10FC009001C7 /* ApolloSQLite */; };
		2005EE4B26FA10FC009001C7 /* ApolloWebSocket in Frameworks */ = {isa = PBXBuildFile; productRef = 2005EE4A26FA10FC009001C7 /* ApolloWebSocket */; };
		2005EE4D26FA11CB009001C7 /* Plist.swift in Sources */ = {isa = PBXBuildFile; fileRef = 2005EE4C26FA11CB009001C7 /* Plist.swift */; };
		2005EE4F26FA7D59009001C7 /* AppErrorMappers.swift in Sources */ = {isa = PBXBuildFile; fileRef = 2005EE4E26FA7D59009001C7 /* AppErrorMappers.swift */; };
		201F268C27009C7B00A5DD1E /* Secret.swift in Sources */ = {isa = PBXBuildFile; fileRef = 201F268B27009C7B00A5DD1E /* Secret.swift */; };
		2035A9C127091CD9007D580F /* SpotAdd.graphql.swift in Sources */ = {isa = PBXBuildFile; fileRef = 2035A9C027091CD9007D580F /* SpotAdd.graphql.swift */; };
		2035A9C32709229F007D580F /* Upload.swift in Sources */ = {isa = PBXBuildFile; fileRef = 2035A9C22709229F007D580F /* Upload.swift */; };
		2067175526B5852200C85A25 /* Spots.graphql.swift in Sources */ = {isa = PBXBuildFile; fileRef = 2067175326B5852100C85A25 /* Spots.graphql.swift */; };
		2067175626B5852200C85A25 /* Types.graphql.swift in Sources */ = {isa = PBXBuildFile; fileRef = 2067175426B5852100C85A25 /* Types.graphql.swift */; };
		2067175D26B5A32F00C85A25 /* Scalar.swift in Sources */ = {isa = PBXBuildFile; fileRef = 2067175C26B5A32F00C85A25 /* Scalar.swift */; };
		2067175F26B641F100C85A25 /* APIClient.swift in Sources */ = {isa = PBXBuildFile; fileRef = 2067175E26B641F100C85A25 /* APIClient.swift */; };
		20A088732708FA1B00D94272 /* Cache.swift in Sources */ = {isa = PBXBuildFile; fileRef = 20A088722708FA1B00D94272 /* Cache.swift */; };
		20A088752708FDED00D94272 /* Mutation.swift in Sources */ = {isa = PBXBuildFile; fileRef = 20A088742708FDED00D94272 /* Mutation.swift */; };
		20A09D1B2701F2640090E22F /* Query.swift in Sources */ = {isa = PBXBuildFile; fileRef = 20A09D1A2701F2640090E22F /* Query.swift */; };
		20A09D1D2702186F0090E22F /* InterceptorProvider.swift in Sources */ = {isa = PBXBuildFile; fileRef = 20A09D1C2702186F0090E22F /* InterceptorProvider.swift */; };
		BA249E682625E12D000DA60F /* SpotMapView.swift in Sources */ = {isa = PBXBuildFile; fileRef = BA249E672625E12D000DA60F /* SpotMapView.swift */; };
		BA249E752625E217000DA60F /* Me.swift in Sources */ = {isa = PBXBuildFile; fileRef = BA249E742625E217000DA60F /* Me.swift */; };
		BA249E812625EFD4000DA60F /* CLLocationCoordinate2D+Extension.swift in Sources */ = {isa = PBXBuildFile; fileRef = BA249E802625EFD4000DA60F /* CLLocationCoordinate2D+Extension.swift */; };
		BA249E872625F1BB000DA60F /* LocationMeters.swift in Sources */ = {isa = PBXBuildFile; fileRef = BA249E862625F1BB000DA60F /* LocationMeters.swift */; };
		BA26C8522621939A006555AE /* CloudStorage.swift in Sources */ = {isa = PBXBuildFile; fileRef = BA26C8512621939A006555AE /* CloudStorage.swift */; };
		BA26C88526227C62006555AE /* EquatableError.swift in Sources */ = {isa = PBXBuildFile; fileRef = BA26C88426227C62006555AE /* EquatableError.swift */; };
		BA26C896262293C9006555AE /* Future+Extension.swift in Sources */ = {isa = PBXBuildFile; fileRef = BA26C895262293C9006555AE /* Future+Extension.swift */; };
		BA317303262A6DDE00E1212C /* SpotPostView.swift in Sources */ = {isa = PBXBuildFile; fileRef = BA317302262A6DDE00E1212C /* SpotPostView.swift */; };
		BA31733A262BC87900E1212C /* PhotoLibrary.swift in Sources */ = {isa = PBXBuildFile; fileRef = BA317339262BC87900E1212C /* PhotoLibrary.swift */; };
		BA31734C262CF25100E1212C /* PhotoLibraryView.swift in Sources */ = {isa = PBXBuildFile; fileRef = BA31734B262CF25100E1212C /* PhotoLibraryView.swift */; };
		BA317352262CF28000E1212C /* MockPhotoLibrary.swift in Sources */ = {isa = PBXBuildFile; fileRef = BA317351262CF28000E1212C /* MockPhotoLibrary.swift */; };
		BA39F855263AAF0E00A17E0A /* PhotoCameraView.swift in Sources */ = {isa = PBXBuildFile; fileRef = BA39F854263AAF0E00A17E0A /* PhotoCameraView.swift */; };
		BA619FB326414493003713A4 /* LocationManager.swift in Sources */ = {isa = PBXBuildFile; fileRef = BA619FB226414493003713A4 /* LocationManager.swift */; };
		BA906C3626410A6B00ACE02F /* DefaultLocation.swift in Sources */ = {isa = PBXBuildFile; fileRef = BA906C3526410A6B00ACE02F /* DefaultLocation.swift */; };
		BA906C3826410C3A00ACE02F /* SearchBar.swift in Sources */ = {isa = PBXBuildFile; fileRef = BA906C3726410C3A00ACE02F /* SearchBar.swift */; };
		BA906C3C26410E4D00ACE02F /* LocationSelectView.swift in Sources */ = {isa = PBXBuildFile; fileRef = BA906C3B26410E4D00ACE02F /* LocationSelectView.swift */; };
		BA906C3F26410F0400ACE02F /* Geocoder.swift in Sources */ = {isa = PBXBuildFile; fileRef = BA906C3E26410F0400ACE02F /* Geocoder.swift */; };
		BA979CB026140A4600997206 /* Auth.swift in Sources */ = {isa = PBXBuildFile; fileRef = BA979CAF26140A4600997206 /* Auth.swift */; };
		BAAB0D4926287AFD00EA3091 /* LoginView.swift in Sources */ = {isa = PBXBuildFile; fileRef = BAAB0D4826287AFD00EA3091 /* LoginView.swift */; };
		BAD9A8B02610B72F00676F22 /* PosusumeApp.swift in Sources */ = {isa = PBXBuildFile; fileRef = BAD9A8AF2610B72F00676F22 /* PosusumeApp.swift */; };
		BAD9A8B22610B72F00676F22 /* RootView.swift in Sources */ = {isa = PBXBuildFile; fileRef = BAD9A8B12610B72F00676F22 /* RootView.swift */; };
		BAD9A8B42610B73100676F22 /* Assets.xcassets in Resources */ = {isa = PBXBuildFile; fileRef = BAD9A8B32610B73100676F22 /* Assets.xcassets */; };
		BAD9A8B72610B73100676F22 /* Preview Assets.xcassets in Resources */ = {isa = PBXBuildFile; fileRef = BAD9A8B62610B73100676F22 /* Preview Assets.xcassets */; };
		BAD9A8C22610B73100676F22 /* posusumeTests.swift in Sources */ = {isa = PBXBuildFile; fileRef = BAD9A8C12610B73100676F22 /* posusumeTests.swift */; };
		BAD9A8CD2610B73200676F22 /* posusumeUITests.swift in Sources */ = {isa = PBXBuildFile; fileRef = BAD9A8CC2610B73200676F22 /* posusumeUITests.swift */; };
		BAD9AA862610DE2B00676F22 /* AppDelegate.swift in Sources */ = {isa = PBXBuildFile; fileRef = BAD9AA852610DE2B00676F22 /* AppDelegate.swift */; };
		BAD9AA8C2610E0A100676F22 /* GoogleService-Info-dev.plist in Resources */ = {isa = PBXBuildFile; fileRef = BAD9AA8A2610E0A100676F22 /* GoogleService-Info-dev.plist */; };
		BAD9AA8D2610E0A100676F22 /* GoogleService-Info-prod.plist in Resources */ = {isa = PBXBuildFile; fileRef = BAD9AA8B2610E0A100676F22 /* GoogleService-Info-prod.plist */; };
		BADF5301261D303C00431FEB /* SpotList.swift in Sources */ = {isa = PBXBuildFile; fileRef = BADF5300261D303C00431FEB /* SpotList.swift */; };
		BADF5305261D307700431FEB /* SpotListCell.swift in Sources */ = {isa = PBXBuildFile; fileRef = BADF5304261D307700431FEB /* SpotListCell.swift */; };
		BAFF7024261C3FB300584593 /* Color.swift in Sources */ = {isa = PBXBuildFile; fileRef = BAFF7021261C3FB300584593 /* Color.swift */; };
		BAFF7025261C3FB300584593 /* BarnBottomSheet.swift in Sources */ = {isa = PBXBuildFile; fileRef = BAFF7023261C3FB300584593 /* BarnBottomSheet.swift */; };
/* End PBXBuildFile section */

/* Begin PBXContainerItemProxy section */
		BAD9A8BE2610B73100676F22 /* PBXContainerItemProxy */ = {
			isa = PBXContainerItemProxy;
			containerPortal = BAD9A8A42610B72F00676F22 /* Project object */;
			proxyType = 1;
			remoteGlobalIDString = BAD9A8AB2610B72F00676F22;
			remoteInfo = posusume;
		};
		BAD9A8C92610B73200676F22 /* PBXContainerItemProxy */ = {
			isa = PBXContainerItemProxy;
			containerPortal = BAD9A8A42610B72F00676F22 /* Project object */;
			proxyType = 1;
			remoteGlobalIDString = BAD9A8AB2610B72F00676F22;
			remoteInfo = posusume;
		};
/* End PBXContainerItemProxy section */

/* Begin PBXCopyFilesBuildPhase section */
		BA979CA62614063C00997206 /* Embed Frameworks */ = {
			isa = PBXCopyFilesBuildPhase;
			buildActionMask = 2147483647;
			dstPath = "";
			dstSubfolderSpec = 10;
			files = (
			);
			name = "Embed Frameworks";
			runOnlyForDeploymentPostprocessing = 0;
		};
/* End PBXCopyFilesBuildPhase section */

/* Begin PBXFileReference section */
		2005EE3D26F9D41D009001C7 /* AuthorizationHeaderAddingInterceptor.swift */ = {isa = PBXFileReference; lastKnownFileType = sourcecode.swift; path = AuthorizationHeaderAddingInterceptor.swift; sourceTree = "<group>"; };
		2005EE4026FA0A37009001C7 /* AppError.swift */ = {isa = PBXFileReference; lastKnownFileType = sourcecode.swift; path = AppError.swift; sourceTree = "<group>"; };
		2005EE4326FA0C43009001C7 /* RequestLoggingInterceptor.swift */ = {isa = PBXFileReference; lastKnownFileType = sourcecode.swift; path = RequestLoggingInterceptor.swift; sourceTree = "<group>"; };
		2005EE4C26FA11CB009001C7 /* Plist.swift */ = {isa = PBXFileReference; lastKnownFileType = sourcecode.swift; path = Plist.swift; sourceTree = "<group>"; };
		2005EE4E26FA7D59009001C7 /* AppErrorMappers.swift */ = {isa = PBXFileReference; lastKnownFileType = sourcecode.swift; path = AppErrorMappers.swift; sourceTree = "<group>"; };
		201F268B27009C7B00A5DD1E /* Secret.swift */ = {isa = PBXFileReference; lastKnownFileType = sourcecode.swift; path = Secret.swift; sourceTree = "<group>"; };
		2035A9C027091CD9007D580F /* SpotAdd.graphql.swift */ = {isa = PBXFileReference; fileEncoding = 4; lastKnownFileType = sourcecode.swift; path = SpotAdd.graphql.swift; sourceTree = "<group>"; };
		2035A9C22709229F007D580F /* Upload.swift */ = {isa = PBXFileReference; lastKnownFileType = sourcecode.swift; path = Upload.swift; sourceTree = "<group>"; };
		2067175326B5852100C85A25 /* Spots.graphql.swift */ = {isa = PBXFileReference; fileEncoding = 4; lastKnownFileType = sourcecode.swift; path = Spots.graphql.swift; sourceTree = "<group>"; };
		2067175426B5852100C85A25 /* Types.graphql.swift */ = {isa = PBXFileReference; fileEncoding = 4; lastKnownFileType = sourcecode.swift; path = Types.graphql.swift; sourceTree = "<group>"; };
		2067175C26B5A32F00C85A25 /* Scalar.swift */ = {isa = PBXFileReference; lastKnownFileType = sourcecode.swift; path = Scalar.swift; sourceTree = "<group>"; };
		2067175E26B641F100C85A25 /* APIClient.swift */ = {isa = PBXFileReference; lastKnownFileType = sourcecode.swift; path = APIClient.swift; sourceTree = "<group>"; };
		20A088722708FA1B00D94272 /* Cache.swift */ = {isa = PBXFileReference; lastKnownFileType = sourcecode.swift; path = Cache.swift; sourceTree = "<group>"; };
		20A088742708FDED00D94272 /* Mutation.swift */ = {isa = PBXFileReference; lastKnownFileType = sourcecode.swift; path = Mutation.swift; sourceTree = "<group>"; };
		20A09D1A2701F2640090E22F /* Query.swift */ = {isa = PBXFileReference; lastKnownFileType = sourcecode.swift; path = Query.swift; sourceTree = "<group>"; };
		20A09D1C2702186F0090E22F /* InterceptorProvider.swift */ = {isa = PBXFileReference; lastKnownFileType = sourcecode.swift; path = InterceptorProvider.swift; sourceTree = "<group>"; };
		BA249E672625E12D000DA60F /* SpotMapView.swift */ = {isa = PBXFileReference; lastKnownFileType = sourcecode.swift; path = SpotMapView.swift; sourceTree = "<group>"; };
		BA249E742625E217000DA60F /* Me.swift */ = {isa = PBXFileReference; lastKnownFileType = sourcecode.swift; path = Me.swift; sourceTree = "<group>"; };
		BA249E802625EFD4000DA60F /* CLLocationCoordinate2D+Extension.swift */ = {isa = PBXFileReference; lastKnownFileType = sourcecode.swift; path = "CLLocationCoordinate2D+Extension.swift"; sourceTree = "<group>"; };
		BA249E862625F1BB000DA60F /* LocationMeters.swift */ = {isa = PBXFileReference; lastKnownFileType = sourcecode.swift; path = LocationMeters.swift; sourceTree = "<group>"; };
		BA26C8512621939A006555AE /* CloudStorage.swift */ = {isa = PBXFileReference; lastKnownFileType = sourcecode.swift; path = CloudStorage.swift; sourceTree = "<group>"; };
		BA26C88426227C62006555AE /* EquatableError.swift */ = {isa = PBXFileReference; lastKnownFileType = sourcecode.swift; path = EquatableError.swift; sourceTree = "<group>"; };
		BA26C895262293C9006555AE /* Future+Extension.swift */ = {isa = PBXFileReference; lastKnownFileType = sourcecode.swift; path = "Future+Extension.swift"; sourceTree = "<group>"; };
		BA317302262A6DDE00E1212C /* SpotPostView.swift */ = {isa = PBXFileReference; lastKnownFileType = sourcecode.swift; path = SpotPostView.swift; sourceTree = "<group>"; };
		BA317339262BC87900E1212C /* PhotoLibrary.swift */ = {isa = PBXFileReference; lastKnownFileType = sourcecode.swift; path = PhotoLibrary.swift; sourceTree = "<group>"; };
		BA31734B262CF25100E1212C /* PhotoLibraryView.swift */ = {isa = PBXFileReference; fileEncoding = 4; lastKnownFileType = sourcecode.swift; path = PhotoLibraryView.swift; sourceTree = "<group>"; };
		BA317351262CF28000E1212C /* MockPhotoLibrary.swift */ = {isa = PBXFileReference; lastKnownFileType = sourcecode.swift; path = MockPhotoLibrary.swift; sourceTree = "<group>"; };
		BA39F854263AAF0E00A17E0A /* PhotoCameraView.swift */ = {isa = PBXFileReference; lastKnownFileType = sourcecode.swift; path = PhotoCameraView.swift; sourceTree = "<group>"; };
		BA619FB226414493003713A4 /* LocationManager.swift */ = {isa = PBXFileReference; lastKnownFileType = sourcecode.swift; path = LocationManager.swift; sourceTree = "<group>"; };
		BA906C3526410A6B00ACE02F /* DefaultLocation.swift */ = {isa = PBXFileReference; lastKnownFileType = sourcecode.swift; path = DefaultLocation.swift; sourceTree = "<group>"; };
		BA906C3726410C3A00ACE02F /* SearchBar.swift */ = {isa = PBXFileReference; lastKnownFileType = sourcecode.swift; path = SearchBar.swift; sourceTree = "<group>"; };
		BA906C3B26410E4D00ACE02F /* LocationSelectView.swift */ = {isa = PBXFileReference; lastKnownFileType = sourcecode.swift; path = LocationSelectView.swift; sourceTree = "<group>"; };
		BA906C3E26410F0400ACE02F /* Geocoder.swift */ = {isa = PBXFileReference; lastKnownFileType = sourcecode.swift; path = Geocoder.swift; sourceTree = "<group>"; };
		BA979CAF26140A4600997206 /* Auth.swift */ = {isa = PBXFileReference; fileEncoding = 4; lastKnownFileType = sourcecode.swift; path = Auth.swift; sourceTree = "<group>"; };
		BAAB0D4826287AFD00EA3091 /* LoginView.swift */ = {isa = PBXFileReference; lastKnownFileType = sourcecode.swift; path = LoginView.swift; sourceTree = "<group>"; };
		BAD9A8AC2610B72F00676F22 /* Posusume.app */ = {isa = PBXFileReference; explicitFileType = wrapper.application; includeInIndex = 0; path = Posusume.app; sourceTree = BUILT_PRODUCTS_DIR; };
		BAD9A8AF2610B72F00676F22 /* PosusumeApp.swift */ = {isa = PBXFileReference; lastKnownFileType = sourcecode.swift; path = PosusumeApp.swift; sourceTree = "<group>"; };
		BAD9A8B12610B72F00676F22 /* RootView.swift */ = {isa = PBXFileReference; lastKnownFileType = sourcecode.swift; path = RootView.swift; sourceTree = "<group>"; };
		BAD9A8B32610B73100676F22 /* Assets.xcassets */ = {isa = PBXFileReference; lastKnownFileType = folder.assetcatalog; path = Assets.xcassets; sourceTree = "<group>"; };
		BAD9A8B62610B73100676F22 /* Preview Assets.xcassets */ = {isa = PBXFileReference; lastKnownFileType = folder.assetcatalog; path = "Preview Assets.xcassets"; sourceTree = "<group>"; };
		BAD9A8B82610B73100676F22 /* Info.plist */ = {isa = PBXFileReference; lastKnownFileType = text.plist.xml; path = Info.plist; sourceTree = "<group>"; };
		BAD9A8BD2610B73100676F22 /* PosusumeTests.xctest */ = {isa = PBXFileReference; explicitFileType = wrapper.cfbundle; includeInIndex = 0; path = PosusumeTests.xctest; sourceTree = BUILT_PRODUCTS_DIR; };
		BAD9A8C12610B73100676F22 /* posusumeTests.swift */ = {isa = PBXFileReference; lastKnownFileType = sourcecode.swift; path = posusumeTests.swift; sourceTree = "<group>"; };
		BAD9A8C32610B73100676F22 /* Info.plist */ = {isa = PBXFileReference; lastKnownFileType = text.plist.xml; path = Info.plist; sourceTree = "<group>"; };
		BAD9A8C82610B73200676F22 /* PosusumeUITests.xctest */ = {isa = PBXFileReference; explicitFileType = wrapper.cfbundle; includeInIndex = 0; path = PosusumeUITests.xctest; sourceTree = BUILT_PRODUCTS_DIR; };
		BAD9A8CC2610B73200676F22 /* posusumeUITests.swift */ = {isa = PBXFileReference; lastKnownFileType = sourcecode.swift; path = posusumeUITests.swift; sourceTree = "<group>"; };
		BAD9A8CE2610B73200676F22 /* Info.plist */ = {isa = PBXFileReference; lastKnownFileType = text.plist.xml; path = Info.plist; sourceTree = "<group>"; };
		BAD9AA852610DE2B00676F22 /* AppDelegate.swift */ = {isa = PBXFileReference; lastKnownFileType = sourcecode.swift; path = AppDelegate.swift; sourceTree = "<group>"; };
		BAD9AA8A2610E0A100676F22 /* GoogleService-Info-dev.plist */ = {isa = PBXFileReference; fileEncoding = 4; lastKnownFileType = text.plist.xml; path = "GoogleService-Info-dev.plist"; sourceTree = "<group>"; };
		BAD9AA8B2610E0A100676F22 /* GoogleService-Info-prod.plist */ = {isa = PBXFileReference; fileEncoding = 4; lastKnownFileType = text.plist.xml; path = "GoogleService-Info-prod.plist"; sourceTree = "<group>"; };
		BADF5300261D303C00431FEB /* SpotList.swift */ = {isa = PBXFileReference; lastKnownFileType = sourcecode.swift; path = SpotList.swift; sourceTree = "<group>"; };
		BADF5304261D307700431FEB /* SpotListCell.swift */ = {isa = PBXFileReference; lastKnownFileType = sourcecode.swift; path = SpotListCell.swift; sourceTree = "<group>"; };
		BAFF7021261C3FB300584593 /* Color.swift */ = {isa = PBXFileReference; fileEncoding = 4; lastKnownFileType = sourcecode.swift; path = Color.swift; sourceTree = "<group>"; };
		BAFF7023261C3FB300584593 /* BarnBottomSheet.swift */ = {isa = PBXFileReference; fileEncoding = 4; lastKnownFileType = sourcecode.swift; path = BarnBottomSheet.swift; sourceTree = "<group>"; };
/* End PBXFileReference section */

/* Begin PBXFrameworksBuildPhase section */
		BAD9A8A92610B72F00676F22 /* Frameworks */ = {
			isa = PBXFrameworksBuildPhase;
			buildActionMask = 2147483647;
			files = (
				2004BA3B26B18DA0007D3E82 /* FirebaseStorageSwift-Beta in Frameworks */,
				2005EE4926FA10FC009001C7 /* ApolloSQLite in Frameworks */,
				2005EE4726FA10FC009001C7 /* Apollo in Frameworks */,
				2004BA3526B18DA0007D3E82 /* FirebaseMessaging in Frameworks */,
				2004BA3726B18DA0007D3E82 /* FirebaseAuth in Frameworks */,
				2005EE4B26FA10FC009001C7 /* ApolloWebSocket in Frameworks */,
				2004BA3926B18DA0007D3E82 /* FirebaseAnalyticsSwift-Beta in Frameworks */,
				2004BA3326B18DA0007D3E82 /* FirebaseCrashlytics in Frameworks */,
			);
			runOnlyForDeploymentPostprocessing = 0;
		};
		BAD9A8BA2610B73100676F22 /* Frameworks */ = {
			isa = PBXFrameworksBuildPhase;
			buildActionMask = 2147483647;
			files = (
			);
			runOnlyForDeploymentPostprocessing = 0;
		};
		BAD9A8C52610B73100676F22 /* Frameworks */ = {
			isa = PBXFrameworksBuildPhase;
			buildActionMask = 2147483647;
			files = (
			);
			runOnlyForDeploymentPostprocessing = 0;
		};
/* End PBXFrameworksBuildPhase section */

/* Begin PBXGroup section */
		2005EE3C26F9D416009001C7 /* Interceptors */ = {
			isa = PBXGroup;
			children = (
				2005EE3D26F9D41D009001C7 /* AuthorizationHeaderAddingInterceptor.swift */,
				2005EE4326FA0C43009001C7 /* RequestLoggingInterceptor.swift */,
				20A09D1C2702186F0090E22F /* InterceptorProvider.swift */,
			);
			path = Interceptors;
			sourceTree = "<group>";
		};
		2005EE4226FA0A41009001C7 /* Core */ = {
			isa = PBXGroup;
			children = (
				201F268B27009C7B00A5DD1E /* Secret.swift */,
				2005EE5026FA825A009001C7 /* Error */,
				BA979CAF26140A4600997206 /* Auth.swift */,
				BA249E742625E217000DA60F /* Me.swift */,
				2005EE4C26FA11CB009001C7 /* Plist.swift */,
			);
			path = Core;
			sourceTree = "<group>";
		};
		2005EE5026FA825A009001C7 /* Error */ = {
			isa = PBXGroup;
			children = (
				2005EE4026FA0A37009001C7 /* AppError.swift */,
				2005EE4E26FA7D59009001C7 /* AppErrorMappers.swift */,
			);
			path = Error;
			sourceTree = "<group>";
		};
		2067175226B5852100C85A25 /* GraphQL */ = {
			isa = PBXGroup;
			children = (
				2067175726B59BFB00C85A25 /* Scalar */,
				2067175326B5852100C85A25 /* Spots.graphql.swift */,
				2035A9C027091CD9007D580F /* SpotAdd.graphql.swift */,
				2067175426B5852100C85A25 /* Types.graphql.swift */,
			);
			path = GraphQL;
			sourceTree = "<group>";
		};
		2067175726B59BFB00C85A25 /* Scalar */ = {
			isa = PBXGroup;
			children = (
				2067175C26B5A32F00C85A25 /* Scalar.swift */,
			);
			path = Scalar;
			sourceTree = "<group>";
		};
		20A09D192701F25B0090E22F /* ObservableObject */ = {
			isa = PBXGroup;
			children = (
				20A09D1A2701F2640090E22F /* Query.swift */,
				20A088722708FA1B00D94272 /* Cache.swift */,
				20A088742708FDED00D94272 /* Mutation.swift */,
				2035A9C22709229F007D580F /* Upload.swift */,
			);
			path = ObservableObject;
			sourceTree = "<group>";
		};
		20CEA51326B4CB800032BBD1 /* StdLib */ = {
			isa = PBXGroup;
			children = (
				BA26C88426227C62006555AE /* EquatableError.swift */,
			);
			path = StdLib;
			sourceTree = "<group>";
		};
		20CEA51726B4D18A0032BBD1 /* API */ = {
			isa = PBXGroup;
			children = (
				2067175226B5852100C85A25 /* GraphQL */,
				2005EE3C26F9D416009001C7 /* Interceptors */,
				2067175E26B641F100C85A25 /* APIClient.swift */,
			);
			path = API;
			sourceTree = "<group>";
		};
		BA249E6D2625E154000DA60F /* Mock */ = {
			isa = PBXGroup;
			children = (
				BA317351262CF28000E1212C /* MockPhotoLibrary.swift */,
			);
			path = Mock;
			sourceTree = "<group>";
		};
		BA249E7F2625EFC7000DA60F /* CoreLocation */ = {
			isa = PBXGroup;
			children = (
				BA249E802625EFD4000DA60F /* CLLocationCoordinate2D+Extension.swift */,
				BA249E862625F1BB000DA60F /* LocationMeters.swift */,
			);
			path = CoreLocation;
			sourceTree = "<group>";
		};
		BA26C8642621A03D006555AE /* Utility */ = {
			isa = PBXGroup;
			children = (
				BA26C88A262293AB006555AE /* Extension */,
			);
			path = Utility;
			sourceTree = "<group>";
		};
		BA26C88A262293AB006555AE /* Extension */ = {
			isa = PBXGroup;
			children = (
				20CEA51326B4CB800032BBD1 /* StdLib */,
				BA249E7F2625EFC7000DA60F /* CoreLocation */,
				BA26C892262293C2006555AE /* Combine */,
			);
			path = Extension;
			sourceTree = "<group>";
		};
		BA26C892262293C2006555AE /* Combine */ = {
			isa = PBXGroup;
			children = (
				BA26C895262293C9006555AE /* Future+Extension.swift */,
			);
			path = Combine;
			sourceTree = "<group>";
		};
		BA317331262BC1D500E1212C /* Photo */ = {
			isa = PBXGroup;
			children = (
				BA317339262BC87900E1212C /* PhotoLibrary.swift */,
				BA31734B262CF25100E1212C /* PhotoLibraryView.swift */,
				BA39F854263AAF0E00A17E0A /* PhotoCameraView.swift */,
			);
			path = Photo;
			sourceTree = "<group>";
		};
		BA906C32264109E400ACE02F /* Location */ = {
			isa = PBXGroup;
			children = (
				BA906C3B26410E4D00ACE02F /* LocationSelectView.swift */,
				BA906C3526410A6B00ACE02F /* DefaultLocation.swift */,
			);
			path = Location;
			sourceTree = "<group>";
		};
		BA906C3D26410EFD00ACE02F /* Location */ = {
			isa = PBXGroup;
			children = (
				BA906C3E26410F0400ACE02F /* Geocoder.swift */,
				BA619FB226414493003713A4 /* LocationManager.swift */,
			);
			path = Location;
			sourceTree = "<group>";
		};
		BAAB0D3F26287ADA00EA3091 /* Login */ = {
			isa = PBXGroup;
			children = (
				BAAB0D4826287AFD00EA3091 /* LoginView.swift */,
			);
			path = Login;
			sourceTree = "<group>";
		};
		BAD9A8A32610B72F00676F22 = {
			isa = PBXGroup;
			children = (
				BAD9A8AE2610B72F00676F22 /* Sources */,
				BAD9A8C02610B73100676F22 /* PosusumeTests */,
				BAD9A8CB2610B73200676F22 /* PosusumeUITests */,
				BAD9A8AD2610B72F00676F22 /* Products */,
			);
			sourceTree = "<group>";
		};
		BAD9A8AD2610B72F00676F22 /* Products */ = {
			isa = PBXGroup;
			children = (
				BAD9A8AC2610B72F00676F22 /* Posusume.app */,
				BAD9A8BD2610B73100676F22 /* PosusumeTests.xctest */,
				BAD9A8C82610B73200676F22 /* PosusumeUITests.xctest */,
			);
			name = Products;
			sourceTree = "<group>";
		};
		BAD9A8AE2610B72F00676F22 /* Sources */ = {
			isa = PBXGroup;
			children = (
				20A09D192701F25B0090E22F /* ObservableObject */,
				2005EE4226FA0A41009001C7 /* Core */,
				20CEA51726B4D18A0032BBD1 /* API */,
				BA26C8642621A03D006555AE /* Utility */,
				BADF52FC261D2FE300431FEB /* Service */,
				BAFF701F261C3FB300584593 /* Components */,
				BAD9A8AF2610B72F00676F22 /* PosusumeApp.swift */,
				BAD9A8B12610B72F00676F22 /* RootView.swift */,
				BAD9A8B32610B73100676F22 /* Assets.xcassets */,
				BAD9A8B82610B73100676F22 /* Info.plist */,
				BAD9AA8A2610E0A100676F22 /* GoogleService-Info-dev.plist */,
				BAD9AA8B2610E0A100676F22 /* GoogleService-Info-prod.plist */,
				BAD9A8B52610B73100676F22 /* Preview Content */,
				BAD9AA852610DE2B00676F22 /* AppDelegate.swift */,
			);
			path = Sources;
			sourceTree = "<group>";
		};
		BAD9A8B52610B73100676F22 /* Preview Content */ = {
			isa = PBXGroup;
			children = (
				BA249E6D2625E154000DA60F /* Mock */,
				BAD9A8B62610B73100676F22 /* Preview Assets.xcassets */,
			);
			path = "Preview Content";
			sourceTree = "<group>";
		};
		BAD9A8C02610B73100676F22 /* PosusumeTests */ = {
			isa = PBXGroup;
			children = (
				BAD9A8C12610B73100676F22 /* posusumeTests.swift */,
				BAD9A8C32610B73100676F22 /* Info.plist */,
			);
			path = PosusumeTests;
			sourceTree = "<group>";
		};
		BAD9A8CB2610B73200676F22 /* PosusumeUITests */ = {
			isa = PBXGroup;
			children = (
				BAD9A8CC2610B73200676F22 /* posusumeUITests.swift */,
				BAD9A8CE2610B73200676F22 /* Info.plist */,
			);
			path = PosusumeUITests;
			sourceTree = "<group>";
		};
		BADF52FC261D2FE300431FEB /* Service */ = {
			isa = PBXGroup;
			children = (
				BA906C3D26410EFD00ACE02F /* Location */,
				BAF1E46E26268B0C0055EBEB /* CloudStorage */,
			);
			path = Service;
			sourceTree = "<group>";
		};
		BADF52FE261D301E00431FEB /* Domain */ = {
			isa = PBXGroup;
			children = (
				BA906C32264109E400ACE02F /* Location */,
				BA317331262BC1D500E1212C /* Photo */,
				BAAB0D3F26287ADA00EA3091 /* Login */,
				BADF52FF261D303400431FEB /* Spot */,
			);
			path = Domain;
			sourceTree = "<group>";
		};
		BADF52FF261D303400431FEB /* Spot */ = {
			isa = PBXGroup;
			children = (
				BADF5300261D303C00431FEB /* SpotList.swift */,
				BADF5304261D307700431FEB /* SpotListCell.swift */,
				BA249E672625E12D000DA60F /* SpotMapView.swift */,
				BA317302262A6DDE00E1212C /* SpotPostView.swift */,
			);
			path = Spot;
			sourceTree = "<group>";
		};
		BAF1E46E26268B0C0055EBEB /* CloudStorage */ = {
			isa = PBXGroup;
			children = (
				BA26C8512621939A006555AE /* CloudStorage.swift */,
			);
			path = CloudStorage;
			sourceTree = "<group>";
		};
		BAFF701F261C3FB300584593 /* Components */ = {
			isa = PBXGroup;
			children = (
				BAFF7020261C3FB300584593 /* Atoms */,
				BAFF7022261C3FB300584593 /* Molocules */,
				BADF52FE261D301E00431FEB /* Domain */,
			);
			path = Components;
			sourceTree = "<group>";
		};
		BAFF7020261C3FB300584593 /* Atoms */ = {
			isa = PBXGroup;
			children = (
				BAFF7021261C3FB300584593 /* Color.swift */,
				BA906C3726410C3A00ACE02F /* SearchBar.swift */,
			);
			path = Atoms;
			sourceTree = "<group>";
		};
		BAFF7022261C3FB300584593 /* Molocules */ = {
			isa = PBXGroup;
			children = (
				BAFF7023261C3FB300584593 /* BarnBottomSheet.swift */,
			);
			path = Molocules;
			sourceTree = "<group>";
		};
/* End PBXGroup section */

/* Begin PBXNativeTarget section */
		BAD9A8AB2610B72F00676F22 /* Posusume */ = {
			isa = PBXNativeTarget;
			buildConfigurationList = BAD9A8D12610B73200676F22 /* Build configuration list for PBXNativeTarget "Posusume" */;
			buildPhases = (
				BAD9A8A82610B72F00676F22 /* Sources */,
				BAD9A8A92610B72F00676F22 /* Frameworks */,
				BAD9A8AA2610B72F00676F22 /* Resources */,
				BA979CA62614063C00997206 /* Embed Frameworks */,
			);
			buildRules = (
			);
			dependencies = (
			);
			name = Posusume;
			packageProductDependencies = (
				2004BA3226B18DA0007D3E82 /* FirebaseCrashlytics */,
				2004BA3426B18DA0007D3E82 /* FirebaseMessaging */,
				2004BA3626B18DA0007D3E82 /* FirebaseAuth */,
				2004BA3826B18DA0007D3E82 /* FirebaseAnalyticsSwift-Beta */,
				2004BA3A26B18DA0007D3E82 /* FirebaseStorageSwift-Beta */,
				2005EE4626FA10FC009001C7 /* Apollo */,
				2005EE4826FA10FC009001C7 /* ApolloSQLite */,
				2005EE4A26FA10FC009001C7 /* ApolloWebSocket */,
			);
			productName = posusume;
			productReference = BAD9A8AC2610B72F00676F22 /* Posusume.app */;
			productType = "com.apple.product-type.application";
		};
		BAD9A8BC2610B73100676F22 /* PosusumeTests */ = {
			isa = PBXNativeTarget;
			buildConfigurationList = BAD9A8D42610B73200676F22 /* Build configuration list for PBXNativeTarget "PosusumeTests" */;
			buildPhases = (
				A132B1F70723FCEF53E3C1D4 /* [CP] Check Pods Manifest.lock */,
				BAD9A8B92610B73100676F22 /* Sources */,
				BAD9A8BA2610B73100676F22 /* Frameworks */,
				BAD9A8BB2610B73100676F22 /* Resources */,
			);
			buildRules = (
			);
			dependencies = (
				BAD9A8BF2610B73100676F22 /* PBXTargetDependency */,
			);
			name = PosusumeTests;
			productName = posusumeTests;
			productReference = BAD9A8BD2610B73100676F22 /* PosusumeTests.xctest */;
			productType = "com.apple.product-type.bundle.unit-test";
		};
		BAD9A8C72610B73100676F22 /* PosusumeUITests */ = {
			isa = PBXNativeTarget;
			buildConfigurationList = BAD9A8D72610B73200676F22 /* Build configuration list for PBXNativeTarget "PosusumeUITests" */;
			buildPhases = (
				B52A510BBD1ACFA1A8181750 /* [CP] Check Pods Manifest.lock */,
				BAD9A8C42610B73100676F22 /* Sources */,
				BAD9A8C52610B73100676F22 /* Frameworks */,
				BAD9A8C62610B73100676F22 /* Resources */,
				9E427D0894465D78634A792C /* [CP] Copy Pods Resources */,
			);
			buildRules = (
			);
			dependencies = (
				BAD9A8CA2610B73200676F22 /* PBXTargetDependency */,
			);
			name = PosusumeUITests;
			productName = posusumeUITests;
			productReference = BAD9A8C82610B73200676F22 /* PosusumeUITests.xctest */;
			productType = "com.apple.product-type.bundle.ui-testing";
		};
/* End PBXNativeTarget section */

/* Begin PBXProject section */
		BAD9A8A42610B72F00676F22 /* Project object */ = {
			isa = PBXProject;
			attributes = {
				LastSwiftUpdateCheck = 1240;
				LastUpgradeCheck = 1240;
				TargetAttributes = {
					BAD9A8AB2610B72F00676F22 = {
						CreatedOnToolsVersion = 12.4;
					};
					BAD9A8BC2610B73100676F22 = {
						CreatedOnToolsVersion = 12.4;
						TestTargetID = BAD9A8AB2610B72F00676F22;
					};
					BAD9A8C72610B73100676F22 = {
						CreatedOnToolsVersion = 12.4;
						TestTargetID = BAD9A8AB2610B72F00676F22;
					};
				};
			};
			buildConfigurationList = BAD9A8A72610B72F00676F22 /* Build configuration list for PBXProject "Posusume" */;
			compatibilityVersion = "Xcode 9.3";
			developmentRegion = en;
			hasScannedForEncodings = 0;
			knownRegions = (
				en,
				Base,
			);
			mainGroup = BAD9A8A32610B72F00676F22;
			packageReferences = (
				2004BA3126B18DA0007D3E82 /* XCRemoteSwiftPackageReference "firebase-ios-sdk" */,
				2005EE4526FA10FC009001C7 /* XCRemoteSwiftPackageReference "apollo-ios" */,
			);
			productRefGroup = BAD9A8AD2610B72F00676F22 /* Products */;
			projectDirPath = "";
			projectRoot = "";
			targets = (
				BAD9A8AB2610B72F00676F22 /* Posusume */,
				BAD9A8BC2610B73100676F22 /* PosusumeTests */,
				BAD9A8C72610B73100676F22 /* PosusumeUITests */,
			);
		};
/* End PBXProject section */

/* Begin PBXResourcesBuildPhase section */
		BAD9A8AA2610B72F00676F22 /* Resources */ = {
			isa = PBXResourcesBuildPhase;
			buildActionMask = 2147483647;
			files = (
				BAD9AA8D2610E0A100676F22 /* GoogleService-Info-prod.plist in Resources */,
				BAD9A8B72610B73100676F22 /* Preview Assets.xcassets in Resources */,
				BAD9AA8C2610E0A100676F22 /* GoogleService-Info-dev.plist in Resources */,
				BAD9A8B42610B73100676F22 /* Assets.xcassets in Resources */,
			);
			runOnlyForDeploymentPostprocessing = 0;
		};
		BAD9A8BB2610B73100676F22 /* Resources */ = {
			isa = PBXResourcesBuildPhase;
			buildActionMask = 2147483647;
			files = (
			);
			runOnlyForDeploymentPostprocessing = 0;
		};
		BAD9A8C62610B73100676F22 /* Resources */ = {
			isa = PBXResourcesBuildPhase;
			buildActionMask = 2147483647;
			files = (
			);
			runOnlyForDeploymentPostprocessing = 0;
		};
/* End PBXResourcesBuildPhase section */

/* Begin PBXShellScriptBuildPhase section */
		9E427D0894465D78634A792C /* [CP] Copy Pods Resources */ = {
			isa = PBXShellScriptBuildPhase;
			buildActionMask = 2147483647;
			files = (
			);
			inputFileListPaths = (
				"${PODS_ROOT}/Target Support Files/Pods-posusume-posusumeUITests/Pods-posusume-posusumeUITests-resources-${CONFIGURATION}-input-files.xcfilelist",
			);
			name = "[CP] Copy Pods Resources";
			outputFileListPaths = (
				"${PODS_ROOT}/Target Support Files/Pods-posusume-posusumeUITests/Pods-posusume-posusumeUITests-resources-${CONFIGURATION}-output-files.xcfilelist",
			);
			runOnlyForDeploymentPostprocessing = 0;
			shellPath = /bin/sh;
			shellScript = "\"${PODS_ROOT}/Target Support Files/Pods-posusume-posusumeUITests/Pods-posusume-posusumeUITests-resources.sh\"\n";
			showEnvVarsInLog = 0;
		};
		A132B1F70723FCEF53E3C1D4 /* [CP] Check Pods Manifest.lock */ = {
			isa = PBXShellScriptBuildPhase;
			buildActionMask = 2147483647;
			files = (
			);
			inputFileListPaths = (
			);
			inputPaths = (
				"${PODS_PODFILE_DIR_PATH}/Podfile.lock",
				"${PODS_ROOT}/Manifest.lock",
			);
			name = "[CP] Check Pods Manifest.lock";
			outputFileListPaths = (
			);
			outputPaths = (
				"$(DERIVED_FILE_DIR)/Pods-posusumeTests-checkManifestLockResult.txt",
			);
			runOnlyForDeploymentPostprocessing = 0;
			shellPath = /bin/sh;
			shellScript = "diff \"${PODS_PODFILE_DIR_PATH}/Podfile.lock\" \"${PODS_ROOT}/Manifest.lock\" > /dev/null\nif [ $? != 0 ] ; then\n    # print error to STDERR\n    echo \"error: The sandbox is not in sync with the Podfile.lock. Run 'pod install' or update your CocoaPods installation.\" >&2\n    exit 1\nfi\n# This output is used by Xcode 'outputs' to avoid re-running this script phase.\necho \"SUCCESS\" > \"${SCRIPT_OUTPUT_FILE_0}\"\n";
			showEnvVarsInLog = 0;
		};
		B52A510BBD1ACFA1A8181750 /* [CP] Check Pods Manifest.lock */ = {
			isa = PBXShellScriptBuildPhase;
			buildActionMask = 2147483647;
			files = (
			);
			inputFileListPaths = (
			);
			inputPaths = (
				"${PODS_PODFILE_DIR_PATH}/Podfile.lock",
				"${PODS_ROOT}/Manifest.lock",
			);
			name = "[CP] Check Pods Manifest.lock";
			outputFileListPaths = (
			);
			outputPaths = (
				"$(DERIVED_FILE_DIR)/Pods-posusume-posusumeUITests-checkManifestLockResult.txt",
			);
			runOnlyForDeploymentPostprocessing = 0;
			shellPath = /bin/sh;
			shellScript = "diff \"${PODS_PODFILE_DIR_PATH}/Podfile.lock\" \"${PODS_ROOT}/Manifest.lock\" > /dev/null\nif [ $? != 0 ] ; then\n    # print error to STDERR\n    echo \"error: The sandbox is not in sync with the Podfile.lock. Run 'pod install' or update your CocoaPods installation.\" >&2\n    exit 1\nfi\n# This output is used by Xcode 'outputs' to avoid re-running this script phase.\necho \"SUCCESS\" > \"${SCRIPT_OUTPUT_FILE_0}\"\n";
			showEnvVarsInLog = 0;
		};
/* End PBXShellScriptBuildPhase section */

/* Begin PBXSourcesBuildPhase section */
		BAD9A8A82610B72F00676F22 /* Sources */ = {
			isa = PBXSourcesBuildPhase;
			buildActionMask = 2147483647;
			files = (
				2067175526B5852200C85A25 /* Spots.graphql.swift in Sources */,
				2067175F26B641F100C85A25 /* APIClient.swift in Sources */,
				2005EE4F26FA7D59009001C7 /* AppErrorMappers.swift in Sources */,
				BA249E872625F1BB000DA60F /* LocationMeters.swift in Sources */,
				BA26C896262293C9006555AE /* Future+Extension.swift in Sources */,
				BA39F855263AAF0E00A17E0A /* PhotoCameraView.swift in Sources */,
				BA906C3826410C3A00ACE02F /* SearchBar.swift in Sources */,
				BAD9AA862610DE2B00676F22 /* AppDelegate.swift in Sources */,
				2005EE4D26FA11CB009001C7 /* Plist.swift in Sources */,
				BA249E752625E217000DA60F /* Me.swift in Sources */,
				20A088752708FDED00D94272 /* Mutation.swift in Sources */,
				2005EE3E26F9D41D009001C7 /* AuthorizationHeaderAddingInterceptor.swift in Sources */,
				2067175626B5852200C85A25 /* Types.graphql.swift in Sources */,
				BA249E682625E12D000DA60F /* SpotMapView.swift in Sources */,
				BAD9A8B22610B72F00676F22 /* RootView.swift in Sources */,
				BA249E812625EFD4000DA60F /* CLLocationCoordinate2D+Extension.swift in Sources */,
				2035A9C32709229F007D580F /* Upload.swift in Sources */,
				BA31734C262CF25100E1212C /* PhotoLibraryView.swift in Sources */,
				BAD9A8B02610B72F00676F22 /* PosusumeApp.swift in Sources */,
				20A088732708FA1B00D94272 /* Cache.swift in Sources */,
				BA26C8522621939A006555AE /* CloudStorage.swift in Sources */,
				BADF5301261D303C00431FEB /* SpotList.swift in Sources */,
				20A09D1B2701F2640090E22F /* Query.swift in Sources */,
				BAFF7024261C3FB300584593 /* Color.swift in Sources */,
				201F268C27009C7B00A5DD1E /* Secret.swift in Sources */,
				2005EE4426FA0C43009001C7 /* RequestLoggingInterceptor.swift in Sources */,
				BA317303262A6DDE00E1212C /* SpotPostView.swift in Sources */,
				2067175D26B5A32F00C85A25 /* Scalar.swift in Sources */,
				BA906C3F26410F0400ACE02F /* Geocoder.swift in Sources */,
				BA979CB026140A4600997206 /* Auth.swift in Sources */,
				BA906C3626410A6B00ACE02F /* DefaultLocation.swift in Sources */,
				20A09D1D2702186F0090E22F /* InterceptorProvider.swift in Sources */,
				BAFF7025261C3FB300584593 /* BarnBottomSheet.swift in Sources */,
				BAAB0D4926287AFD00EA3091 /* LoginView.swift in Sources */,
				BA906C3C26410E4D00ACE02F /* LocationSelectView.swift in Sources */,
				BA317352262CF28000E1212C /* MockPhotoLibrary.swift in Sources */,
				BA31733A262BC87900E1212C /* PhotoLibrary.swift in Sources */,
				2035A9C127091CD9007D580F /* SpotAdd.graphql.swift in Sources */,
				BA26C88526227C62006555AE /* EquatableError.swift in Sources */,
				BADF5305261D307700431FEB /* SpotListCell.swift in Sources */,
				2005EE4126FA0A37009001C7 /* AppError.swift in Sources */,
				BA619FB326414493003713A4 /* LocationManager.swift in Sources */,
			);
			runOnlyForDeploymentPostprocessing = 0;
		};
		BAD9A8B92610B73100676F22 /* Sources */ = {
			isa = PBXSourcesBuildPhase;
			buildActionMask = 2147483647;
			files = (
				BAD9A8C22610B73100676F22 /* posusumeTests.swift in Sources */,
			);
			runOnlyForDeploymentPostprocessing = 0;
		};
		BAD9A8C42610B73100676F22 /* Sources */ = {
			isa = PBXSourcesBuildPhase;
			buildActionMask = 2147483647;
			files = (
				BAD9A8CD2610B73200676F22 /* posusumeUITests.swift in Sources */,
			);
			runOnlyForDeploymentPostprocessing = 0;
		};
/* End PBXSourcesBuildPhase section */

/* Begin PBXTargetDependency section */
		BAD9A8BF2610B73100676F22 /* PBXTargetDependency */ = {
			isa = PBXTargetDependency;
			target = BAD9A8AB2610B72F00676F22 /* Posusume */;
			targetProxy = BAD9A8BE2610B73100676F22 /* PBXContainerItemProxy */;
		};
		BAD9A8CA2610B73200676F22 /* PBXTargetDependency */ = {
			isa = PBXTargetDependency;
			target = BAD9A8AB2610B72F00676F22 /* Posusume */;
			targetProxy = BAD9A8C92610B73200676F22 /* PBXContainerItemProxy */;
		};
/* End PBXTargetDependency section */

/* Begin XCBuildConfiguration section */
		BAD9A8CF2610B73200676F22 /* Debug */ = {
			isa = XCBuildConfiguration;
			buildSettings = {
				ALWAYS_SEARCH_USER_PATHS = NO;
				CLANG_ANALYZER_NONNULL = YES;
				CLANG_ANALYZER_NUMBER_OBJECT_CONVERSION = YES_AGGRESSIVE;
				CLANG_CXX_LANGUAGE_STANDARD = "gnu++14";
				CLANG_CXX_LIBRARY = "libc++";
				CLANG_ENABLE_MODULES = YES;
				CLANG_ENABLE_OBJC_ARC = YES;
				CLANG_ENABLE_OBJC_WEAK = YES;
				CLANG_WARN_BLOCK_CAPTURE_AUTORELEASING = YES;
				CLANG_WARN_BOOL_CONVERSION = YES;
				CLANG_WARN_COMMA = YES;
				CLANG_WARN_CONSTANT_CONVERSION = YES;
				CLANG_WARN_DEPRECATED_OBJC_IMPLEMENTATIONS = YES;
				CLANG_WARN_DIRECT_OBJC_ISA_USAGE = YES_ERROR;
				CLANG_WARN_DOCUMENTATION_COMMENTS = YES;
				CLANG_WARN_EMPTY_BODY = YES;
				CLANG_WARN_ENUM_CONVERSION = YES;
				CLANG_WARN_INFINITE_RECURSION = YES;
				CLANG_WARN_INT_CONVERSION = YES;
				CLANG_WARN_NON_LITERAL_NULL_CONVERSION = YES;
				CLANG_WARN_OBJC_IMPLICIT_RETAIN_SELF = YES;
				CLANG_WARN_OBJC_LITERAL_CONVERSION = YES;
				CLANG_WARN_OBJC_ROOT_CLASS = YES_ERROR;
				CLANG_WARN_QUOTED_INCLUDE_IN_FRAMEWORK_HEADER = YES;
				CLANG_WARN_RANGE_LOOP_ANALYSIS = YES;
				CLANG_WARN_STRICT_PROTOTYPES = YES;
				CLANG_WARN_SUSPICIOUS_MOVE = YES;
				CLANG_WARN_UNGUARDED_AVAILABILITY = YES_AGGRESSIVE;
				CLANG_WARN_UNREACHABLE_CODE = YES;
				CLANG_WARN__DUPLICATE_METHOD_MATCH = YES;
				COPY_PHASE_STRIP = NO;
				DEBUG_INFORMATION_FORMAT = dwarf;
				ENABLE_STRICT_OBJC_MSGSEND = YES;
				ENABLE_TESTABILITY = YES;
				GCC_C_LANGUAGE_STANDARD = gnu11;
				GCC_DYNAMIC_NO_PIC = NO;
				GCC_NO_COMMON_BLOCKS = YES;
				GCC_OPTIMIZATION_LEVEL = 0;
				GCC_PREPROCESSOR_DEFINITIONS = (
					"DEBUG=1",
					"$(inherited)",
				);
				GCC_WARN_64_TO_32_BIT_CONVERSION = YES;
				GCC_WARN_ABOUT_RETURN_TYPE = YES_ERROR;
				GCC_WARN_UNDECLARED_SELECTOR = YES;
				GCC_WARN_UNINITIALIZED_AUTOS = YES_AGGRESSIVE;
				GCC_WARN_UNUSED_FUNCTION = YES;
				GCC_WARN_UNUSED_VARIABLE = YES;
				IPHONEOS_DEPLOYMENT_TARGET = 15.0;
				MTL_ENABLE_DEBUG_INFO = INCLUDE_SOURCE;
				MTL_FAST_MATH = YES;
				ONLY_ACTIVE_ARCH = YES;
				OTHER_LDFLAGS = "";
				SDKROOT = iphoneos;
				SWIFT_ACTIVE_COMPILATION_CONDITIONS = DEBUG;
				SWIFT_OPTIMIZATION_LEVEL = "-Onone";
			};
			name = Debug;
		};
		BAD9A8D02610B73200676F22 /* Release */ = {
			isa = XCBuildConfiguration;
			buildSettings = {
				ALWAYS_SEARCH_USER_PATHS = NO;
				CLANG_ANALYZER_NONNULL = YES;
				CLANG_ANALYZER_NUMBER_OBJECT_CONVERSION = YES_AGGRESSIVE;
				CLANG_CXX_LANGUAGE_STANDARD = "gnu++14";
				CLANG_CXX_LIBRARY = "libc++";
				CLANG_ENABLE_MODULES = YES;
				CLANG_ENABLE_OBJC_ARC = YES;
				CLANG_ENABLE_OBJC_WEAK = YES;
				CLANG_WARN_BLOCK_CAPTURE_AUTORELEASING = YES;
				CLANG_WARN_BOOL_CONVERSION = YES;
				CLANG_WARN_COMMA = YES;
				CLANG_WARN_CONSTANT_CONVERSION = YES;
				CLANG_WARN_DEPRECATED_OBJC_IMPLEMENTATIONS = YES;
				CLANG_WARN_DIRECT_OBJC_ISA_USAGE = YES_ERROR;
				CLANG_WARN_DOCUMENTATION_COMMENTS = YES;
				CLANG_WARN_EMPTY_BODY = YES;
				CLANG_WARN_ENUM_CONVERSION = YES;
				CLANG_WARN_INFINITE_RECURSION = YES;
				CLANG_WARN_INT_CONVERSION = YES;
				CLANG_WARN_NON_LITERAL_NULL_CONVERSION = YES;
				CLANG_WARN_OBJC_IMPLICIT_RETAIN_SELF = YES;
				CLANG_WARN_OBJC_LITERAL_CONVERSION = YES;
				CLANG_WARN_OBJC_ROOT_CLASS = YES_ERROR;
				CLANG_WARN_QUOTED_INCLUDE_IN_FRAMEWORK_HEADER = YES;
				CLANG_WARN_RANGE_LOOP_ANALYSIS = YES;
				CLANG_WARN_STRICT_PROTOTYPES = YES;
				CLANG_WARN_SUSPICIOUS_MOVE = YES;
				CLANG_WARN_UNGUARDED_AVAILABILITY = YES_AGGRESSIVE;
				CLANG_WARN_UNREACHABLE_CODE = YES;
				CLANG_WARN__DUPLICATE_METHOD_MATCH = YES;
				COPY_PHASE_STRIP = NO;
				DEBUG_INFORMATION_FORMAT = "dwarf-with-dsym";
				ENABLE_NS_ASSERTIONS = NO;
				ENABLE_STRICT_OBJC_MSGSEND = YES;
				GCC_C_LANGUAGE_STANDARD = gnu11;
				GCC_NO_COMMON_BLOCKS = YES;
				GCC_WARN_64_TO_32_BIT_CONVERSION = YES;
				GCC_WARN_ABOUT_RETURN_TYPE = YES_ERROR;
				GCC_WARN_UNDECLARED_SELECTOR = YES;
				GCC_WARN_UNINITIALIZED_AUTOS = YES_AGGRESSIVE;
				GCC_WARN_UNUSED_FUNCTION = YES;
				GCC_WARN_UNUSED_VARIABLE = YES;
				IPHONEOS_DEPLOYMENT_TARGET = 15.0;
				MTL_ENABLE_DEBUG_INFO = NO;
				MTL_FAST_MATH = YES;
				OTHER_LDFLAGS = "";
				SDKROOT = iphoneos;
				SWIFT_COMPILATION_MODE = wholemodule;
				SWIFT_OPTIMIZATION_LEVEL = "-O";
				VALIDATE_PRODUCT = YES;
			};
			name = Release;
		};
		BAD9A8D22610B73200676F22 /* Debug */ = {
			isa = XCBuildConfiguration;
			buildSettings = {
				ASSETCATALOG_COMPILER_APPICON_NAME = AppIcon;
				ASSETCATALOG_COMPILER_GLOBAL_ACCENT_COLOR_NAME = AccentColor;
				CODE_SIGN_STYLE = Automatic;
				DEVELOPMENT_ASSET_PATHS = "\"Sources/Preview Content\"";
				DEVELOPMENT_TEAM = TQPN82UBBY;
				ENABLE_PREVIEWS = YES;
				EXCLUDED_ARCHS = "";
				INFOPLIST_FILE = Sources/Info.plist;
				IPHONEOS_DEPLOYMENT_TARGET = 15.0;
				LD_RUNPATH_SEARCH_PATHS = (
					"$(inherited)",
					"@executable_path/Frameworks",
				);
				ONLY_ACTIVE_ARCH = YES;
				OTHER_LDFLAGS = "-ObjC";
				PRODUCT_BUNDLE_IDENTIFIER = com.bannzai.posusume;
				PRODUCT_NAME = "$(TARGET_NAME)";
				SWIFT_VERSION = 5.0;
				TARGETED_DEVICE_FAMILY = "1,2";
			};
			name = Debug;
		};
		BAD9A8D32610B73200676F22 /* Release */ = {
			isa = XCBuildConfiguration;
			buildSettings = {
				ASSETCATALOG_COMPILER_APPICON_NAME = AppIcon;
				ASSETCATALOG_COMPILER_GLOBAL_ACCENT_COLOR_NAME = AccentColor;
				CODE_SIGN_STYLE = Automatic;
				DEVELOPMENT_ASSET_PATHS = "\"Sources/Preview Content\"";
				DEVELOPMENT_TEAM = TQPN82UBBY;
				ENABLE_PREVIEWS = YES;
				EXCLUDED_ARCHS = "";
				INFOPLIST_FILE = Sources/Info.plist;
				IPHONEOS_DEPLOYMENT_TARGET = 15.0;
				LD_RUNPATH_SEARCH_PATHS = (
					"$(inherited)",
					"@executable_path/Frameworks",
				);
				OTHER_LDFLAGS = "-ObjC";
				PRODUCT_BUNDLE_IDENTIFIER = com.bannzai.posusume;
				PRODUCT_NAME = "$(TARGET_NAME)";
				SWIFT_VERSION = 5.0;
				TARGETED_DEVICE_FAMILY = "1,2";
			};
			name = Release;
		};
		BAD9A8D52610B73200676F22 /* Debug */ = {
			isa = XCBuildConfiguration;
			buildSettings = {
				ALWAYS_EMBED_SWIFT_STANDARD_LIBRARIES = "$(inherited)";
				BUNDLE_LOADER = "$(TEST_HOST)";
				CODE_SIGN_STYLE = Automatic;
				DEVELOPMENT_TEAM = TQPN82UBBY;
				INFOPLIST_FILE = posusumeTests/Info.plist;
				IPHONEOS_DEPLOYMENT_TARGET = 14.0;
				LD_RUNPATH_SEARCH_PATHS = (
					"$(inherited)",
					"@executable_path/Frameworks",
					"@loader_path/Frameworks",
				);
				PRODUCT_BUNDLE_IDENTIFIER = com.bannzai.posusume.posusumeTests;
				PRODUCT_NAME = "$(TARGET_NAME)";
				SWIFT_VERSION = 5.0;
				TARGETED_DEVICE_FAMILY = "1,2";
				TEST_HOST = "$(BUILT_PRODUCTS_DIR)/Posusume.app/Posusume";
			};
			name = Debug;
		};
		BAD9A8D62610B73200676F22 /* Release */ = {
			isa = XCBuildConfiguration;
			buildSettings = {
				ALWAYS_EMBED_SWIFT_STANDARD_LIBRARIES = "$(inherited)";
				BUNDLE_LOADER = "$(TEST_HOST)";
				CODE_SIGN_STYLE = Automatic;
				DEVELOPMENT_TEAM = TQPN82UBBY;
				INFOPLIST_FILE = posusumeTests/Info.plist;
				IPHONEOS_DEPLOYMENT_TARGET = 14.0;
				LD_RUNPATH_SEARCH_PATHS = (
					"$(inherited)",
					"@executable_path/Frameworks",
					"@loader_path/Frameworks",
				);
				PRODUCT_BUNDLE_IDENTIFIER = com.bannzai.posusume.posusumeTests;
				PRODUCT_NAME = "$(TARGET_NAME)";
				SWIFT_VERSION = 5.0;
				TARGETED_DEVICE_FAMILY = "1,2";
				TEST_HOST = "$(BUILT_PRODUCTS_DIR)/Posusume.app/Posusume";
			};
			name = Release;
		};
		BAD9A8D82610B73200676F22 /* Debug */ = {
			isa = XCBuildConfiguration;
			buildSettings = {
				ALWAYS_EMBED_SWIFT_STANDARD_LIBRARIES = "$(inherited)";
				CODE_SIGN_STYLE = Automatic;
				DEVELOPMENT_TEAM = TQPN82UBBY;
				INFOPLIST_FILE = posusumeUITests/Info.plist;
				LD_RUNPATH_SEARCH_PATHS = (
					"$(inherited)",
					"@executable_path/Frameworks",
					"@loader_path/Frameworks",
				);
				PRODUCT_BUNDLE_IDENTIFIER = com.bannzai.posusume.posusumeUITests;
				PRODUCT_NAME = "$(TARGET_NAME)";
				SWIFT_VERSION = 5.0;
				TARGETED_DEVICE_FAMILY = "1,2";
				TEST_TARGET_NAME = posusume;
			};
			name = Debug;
		};
		BAD9A8D92610B73200676F22 /* Release */ = {
			isa = XCBuildConfiguration;
			buildSettings = {
				ALWAYS_EMBED_SWIFT_STANDARD_LIBRARIES = "$(inherited)";
				CODE_SIGN_STYLE = Automatic;
				DEVELOPMENT_TEAM = TQPN82UBBY;
				INFOPLIST_FILE = posusumeUITests/Info.plist;
				LD_RUNPATH_SEARCH_PATHS = (
					"$(inherited)",
					"@executable_path/Frameworks",
					"@loader_path/Frameworks",
				);
				PRODUCT_BUNDLE_IDENTIFIER = com.bannzai.posusume.posusumeUITests;
				PRODUCT_NAME = "$(TARGET_NAME)";
				SWIFT_VERSION = 5.0;
				TARGETED_DEVICE_FAMILY = "1,2";
				TEST_TARGET_NAME = posusume;
			};
			name = Release;
		};
/* End XCBuildConfiguration section */

/* Begin XCConfigurationList section */
		BAD9A8A72610B72F00676F22 /* Build configuration list for PBXProject "Posusume" */ = {
			isa = XCConfigurationList;
			buildConfigurations = (
				BAD9A8CF2610B73200676F22 /* Debug */,
				BAD9A8D02610B73200676F22 /* Release */,
			);
			defaultConfigurationIsVisible = 0;
			defaultConfigurationName = Release;
		};
		BAD9A8D12610B73200676F22 /* Build configuration list for PBXNativeTarget "Posusume" */ = {
			isa = XCConfigurationList;
			buildConfigurations = (
				BAD9A8D22610B73200676F22 /* Debug */,
				BAD9A8D32610B73200676F22 /* Release */,
			);
			defaultConfigurationIsVisible = 0;
			defaultConfigurationName = Release;
		};
		BAD9A8D42610B73200676F22 /* Build configuration list for PBXNativeTarget "PosusumeTests" */ = {
			isa = XCConfigurationList;
			buildConfigurations = (
				BAD9A8D52610B73200676F22 /* Debug */,
				BAD9A8D62610B73200676F22 /* Release */,
			);
			defaultConfigurationIsVisible = 0;
			defaultConfigurationName = Release;
		};
		BAD9A8D72610B73200676F22 /* Build configuration list for PBXNativeTarget "PosusumeUITests" */ = {
			isa = XCConfigurationList;
			buildConfigurations = (
				BAD9A8D82610B73200676F22 /* Debug */,
				BAD9A8D92610B73200676F22 /* Release */,
			);
			defaultConfigurationIsVisible = 0;
			defaultConfigurationName = Release;
		};
/* End XCConfigurationList section */

/* Begin XCRemoteSwiftPackageReference section */
		2004BA3126B18DA0007D3E82 /* XCRemoteSwiftPackageReference "firebase-ios-sdk" */ = {
			isa = XCRemoteSwiftPackageReference;
			repositoryURL = "https://github.com/firebase/firebase-ios-sdk";
			requirement = {
				kind = upToNextMinorVersion;
				minimumVersion = 8.4.0;
			};
		};
		2005EE4526FA10FC009001C7 /* XCRemoteSwiftPackageReference "apollo-ios" */ = {
			isa = XCRemoteSwiftPackageReference;
			repositoryURL = "https://github.com/apollographql/apollo-ios";
			requirement = {
				kind = upToNextMinorVersion;
				minimumVersion = 0.48.0;
			};
		};
/* End XCRemoteSwiftPackageReference section */

/* Begin XCSwiftPackageProductDependency section */
		2004BA3226B18DA0007D3E82 /* FirebaseCrashlytics */ = {
			isa = XCSwiftPackageProductDependency;
			package = 2004BA3126B18DA0007D3E82 /* XCRemoteSwiftPackageReference "firebase-ios-sdk" */;
			productName = FirebaseCrashlytics;
		};
		2004BA3426B18DA0007D3E82 /* FirebaseMessaging */ = {
			isa = XCSwiftPackageProductDependency;
			package = 2004BA3126B18DA0007D3E82 /* XCRemoteSwiftPackageReference "firebase-ios-sdk" */;
			productName = FirebaseMessaging;
		};
		2004BA3626B18DA0007D3E82 /* FirebaseAuth */ = {
			isa = XCSwiftPackageProductDependency;
			package = 2004BA3126B18DA0007D3E82 /* XCRemoteSwiftPackageReference "firebase-ios-sdk" */;
			productName = FirebaseAuth;
		};
		2004BA3826B18DA0007D3E82 /* FirebaseAnalyticsSwift-Beta */ = {
			isa = XCSwiftPackageProductDependency;
			package = 2004BA3126B18DA0007D3E82 /* XCRemoteSwiftPackageReference "firebase-ios-sdk" */;
			productName = "FirebaseAnalyticsSwift-Beta";
		};
		2004BA3A26B18DA0007D3E82 /* FirebaseStorageSwift-Beta */ = {
			isa = XCSwiftPackageProductDependency;
			package = 2004BA3126B18DA0007D3E82 /* XCRemoteSwiftPackageReference "firebase-ios-sdk" */;
			productName = "FirebaseStorageSwift-Beta";
		};
		2005EE4626FA10FC009001C7 /* Apollo */ = {
			isa = XCSwiftPackageProductDependency;
			package = 2005EE4526FA10FC009001C7 /* XCRemoteSwiftPackageReference "apollo-ios" */;
			productName = Apollo;
		};
		2005EE4826FA10FC009001C7 /* ApolloSQLite */ = {
			isa = XCSwiftPackageProductDependency;
			package = 2005EE4526FA10FC009001C7 /* XCRemoteSwiftPackageReference "apollo-ios" */;
			productName = ApolloSQLite;
		};
		2005EE4A26FA10FC009001C7 /* ApolloWebSocket */ = {
			isa = XCSwiftPackageProductDependency;
			package = 2005EE4526FA10FC009001C7 /* XCRemoteSwiftPackageReference "apollo-ios" */;
			productName = ApolloWebSocket;
		};
/* End XCSwiftPackageProductDependency section */
	};
	rootObject = BAD9A8A42610B72F00676F22 /* Project object */;
}
